
Microsoft Visual Studio Solution File, Format Version 12.00
# Visual Studio 15
VisualStudioVersion = 15.0.27625.0
MinimumVisualStudioVersion = 10.0.40219.1
Project("{888888A0-9F3D-457C-B088-3A5042F75D52}") = "ViewFileInRootDirectory", "ViewFileInRootDirectory\ViewFileInRootDirectory.pyproj", "{9328008E-E3A0-41F8-8D58-2AD4A0DA82D7}"
EndProject
Global
	GlobalSection(SolutionConfigurationPlatforms) = preSolution
		Debug|Any CPU = Debug|Any CPU
		Release|Any CPU = Release|Any CPU
	EndGlobalSection
	GlobalSection(ProjectConfigurationPlatforms) = postSolution
		{9328008E-E3A0-41F8-8D58-2AD4A0DA82D7}.Debug|Any CPU.ActiveCfg = Debug|Any CPU
		{9328008E-E3A0-41F8-8D58-2AD4A0DA82D7}.Debug|Any CPU.Build.0 = Debug|Any CPU
		{9328008E-E3A0-41F8-8D58-2AD4A0DA82D7}.Release|Any CPU.ActiveCfg = Release|Any CPU
		{9328008E-E3A0-41F8-8D58-2AD4A0DA82D7}.Release|Any CPU.Build.0 = Release|Any CPU
	EndGlobalSection
	GlobalSection(SolutionProperties) = preSolution
		HideSolutionNode = FALSE
	EndGlobalSection
	GlobalSection(ExtensibilityGlobals) = postSolution
		SolutionGuid = {FC2CB2C3-2087-4463-B26D-C7B8DE593B7F}
	EndGlobalSection
EndGlobal
